// !$*UTF8*$!
{
	archiveVersion = 1;
	classes = {
	};
	objectVersion = 51;
	objects = {

/* Begin PBXBuildFile section */
		0A27C2822528DFDA00F3022E /* ViewController2.swift in Sources */ = {isa = PBXBuildFile; fileRef = 0A27C2812528DFDA00F3022E /* ViewController2.swift */; };
		0A27C2B2252960FD00F3022E /* GoogleService-Info.plist in Resources */ = {isa = PBXBuildFile; fileRef = 0A27C2B1252960FD00F3022E /* GoogleService-Info.plist */; };
		0A27CA03252987A800F3022E /* allmenu.png in Resources */ = {isa = PBXBuildFile; fileRef = 0A27C9D2252987A200F3022E /* allmenu.png */; };
		0A27CA04252987A800F3022E /* pencil_white.png in Resources */ = {isa = PBXBuildFile; fileRef = 0A27C9D3252987A200F3022E /* pencil_white.png */; };
		0A27CA05252987A800F3022E /* plus_button_white.png in Resources */ = {isa = PBXBuildFile; fileRef = 0A27C9D4252987A200F3022E /* plus_button_white.png */; };
		0A27CA06252987A900F3022E /* cell_block.png in Resources */ = {isa = PBXBuildFile; fileRef = 0A27C9D5252987A200F3022E /* cell_block.png */; };
		0A27CA07252987A900F3022E /* ref_block.png in Resources */ = {isa = PBXBuildFile; fileRef = 0A27C9D6252987A200F3022E /* ref_block.png */; };
		0A27CA08252987A900F3022E /* loading_main.png in Resources */ = {isa = PBXBuildFile; fileRef = 0A27C9D7252987A200F3022E /* loading_main.png */; };
		0A27CA09252987A900F3022E /* btn_google_light_disabled_ios@2x.png in Resources */ = {isa = PBXBuildFile; fileRef = 0A27C9D8252987A200F3022E /* btn_google_light_disabled_ios@2x.png */; };
		0A27CA0A252987A900F3022E /* loading.png in Resources */ = {isa = PBXBuildFile; fileRef = 0A27C9D9252987A300F3022E /* loading.png */; };
		0A27CA0B252987A900F3022E /* btn_google_signin_dark_normal_ios@2x.png in Resources */ = {isa = PBXBuildFile; fileRef = 0A27C9DA252987A300F3022E /* btn_google_signin_dark_normal_ios@2x.png */; };
		0A27CA0C252987A900F3022E /* edit.png in Resources */ = {isa = PBXBuildFile; fileRef = 0A27C9DB252987A300F3022E /* edit.png */; };
		0A27CA0D252987A900F3022E /* fish_login.png in Resources */ = {isa = PBXBuildFile; fileRef = 0A27C9DC252987A300F3022E /* fish_login.png */; };
		0A27CA0E252987A900F3022E /* btn_google_signin_dark_disabled_ios@2x.png in Resources */ = {isa = PBXBuildFile; fileRef = 0A27C9DD252987A300F3022E /* btn_google_signin_dark_disabled_ios@2x.png */; };
		0A27CA0F252987A900F3022E /* next.png in Resources */ = {isa = PBXBuildFile; fileRef = 0A27C9DE252987A300F3022E /* next.png */; };
		0A27CA10252987A900F3022E /* right_white.png in Resources */ = {isa = PBXBuildFile; fileRef = 0A27C9DF252987A300F3022E /* right_white.png */; };
		0A27CA11252987A900F3022E /* camera_btn.png in Resources */ = {isa = PBXBuildFile; fileRef = 0A27C9E0252987A400F3022E /* camera_btn.png */; };
		0A27CA12252987A900F3022E /* receipt_bg.png in Resources */ = {isa = PBXBuildFile; fileRef = 0A27C9E1252987A400F3022E /* receipt_bg.png */; };
		0A27CA13252987A900F3022E /* btn_google_signin_dark_focus_ios@2x.png in Resources */ = {isa = PBXBuildFile; fileRef = 0A27C9E2252987A400F3022E /* btn_google_signin_dark_focus_ios@2x.png */; };
		0A27CA14252987A900F3022E /* allow_left.png in Resources */ = {isa = PBXBuildFile; fileRef = 0A27C9E3252987A400F3022E /* allow_left.png */; };
		0A27CA15252987A900F3022E /* allow_right.png in Resources */ = {isa = PBXBuildFile; fileRef = 0A27C9E4252987A400F3022E /* allow_right.png */; };
		0A27CA16252987A900F3022E /* login_block.png in Resources */ = {isa = PBXBuildFile; fileRef = 0A27C9E5252987A400F3022E /* login_block.png */; };
		0A27CA17252987A900F3022E /* plus_orange.png in Resources */ = {isa = PBXBuildFile; fileRef = 0A27C9E6252987A400F3022E /* plus_orange.png */; };
		0A27CA18252987A900F3022E /* retake.png in Resources */ = {isa = PBXBuildFile; fileRef = 0A27C9E7252987A500F3022E /* retake.png */; };
		0A27CA19252987A900F3022E /* bg_orange.png in Resources */ = {isa = PBXBuildFile; fileRef = 0A27C9E8252987A500F3022E /* bg_orange.png */; };
		0A27CA1A252987A900F3022E /* REFREM.png in Resources */ = {isa = PBXBuildFile; fileRef = 0A27C9E9252987A500F3022E /* REFREM.png */; };
		0A27CA1B252987A900F3022E /* camera.png in Resources */ = {isa = PBXBuildFile; fileRef = 0A27C9EA252987A500F3022E /* camera.png */; };
		0A27CA1C252987A900F3022E /* login_bg.png in Resources */ = {isa = PBXBuildFile; fileRef = 0A27C9EB252987A500F3022E /* login_bg.png */; };
		0A27CA1D252987A900F3022E /* all_menu.png in Resources */ = {isa = PBXBuildFile; fileRef = 0A27C9EC252987A500F3022E /* all_menu.png */; };
		0A27CA1E252987A900F3022E /* allow_under.png in Resources */ = {isa = PBXBuildFile; fileRef = 0A27C9ED252987A500F3022E /* allow_under.png */; };
		0A27CA1F252987A900F3022E /* login.png in Resources */ = {isa = PBXBuildFile; fileRef = 0A27C9EE252987A600F3022E /* login.png */; };
		0A27CA20252987A900F3022E /* loading_bar.png in Resources */ = {isa = PBXBuildFile; fileRef = 0A27C9EF252987A600F3022E /* loading_bar.png */; };
		0A27CA21252987A900F3022E /* left_white.png in Resources */ = {isa = PBXBuildFile; fileRef = 0A27C9F0252987A600F3022E /* left_white.png */; };
		0A27CA22252987A900F3022E /* refrem_logo.png in Resources */ = {isa = PBXBuildFile; fileRef = 0A27C9F1252987A600F3022E /* refrem_logo.png */; };
		0A27CA23252987A900F3022E /* white_box.png in Resources */ = {isa = PBXBuildFile; fileRef = 0A27C9F2252987A600F3022E /* white_box.png */; };
		0A27CA24252987A900F3022E /* btn_google_light_focus_ios@2x.png in Resources */ = {isa = PBXBuildFile; fileRef = 0A27C9F3252987A600F3022E /* btn_google_light_focus_ios@2x.png */; };
		0A27CA25252987A900F3022E /* receipt.png in Resources */ = {isa = PBXBuildFile; fileRef = 0A27C9F4252987A600F3022E /* receipt.png */; };
		0A27CA26252987A900F3022E /* ref_bg.png in Resources */ = {isa = PBXBuildFile; fileRef = 0A27C9F5252987A700F3022E /* ref_bg.png */; };
		0A27CA27252987A900F3022E /* signup_login.png in Resources */ = {isa = PBXBuildFile; fileRef = 0A27C9F6252987A700F3022E /* signup_login.png */; };
		0A27CA28252987A900F3022E /* underbtn.png in Resources */ = {isa = PBXBuildFile; fileRef = 0A27C9F7252987A700F3022E /* underbtn.png */; };
		0A27CA29252987A900F3022E /* btn_google_light_normal_ios@2x.png in Resources */ = {isa = PBXBuildFile; fileRef = 0A27C9F8252987A700F3022E /* btn_google_light_normal_ios@2x.png */; };
		0A27CA2A252987A900F3022E /* btn_google_dark_disabled_ios@2x.png in Resources */ = {isa = PBXBuildFile; fileRef = 0A27C9F9252987A700F3022E /* btn_google_dark_disabled_ios@2x.png */; };
		0A27CA2B252987A900F3022E /* minus_orange.png in Resources */ = {isa = PBXBuildFile; fileRef = 0A27C9FA252987A700F3022E /* minus_orange.png */; };
		0A27CA2C252987A900F3022E /* reflogo.png in Resources */ = {isa = PBXBuildFile; fileRef = 0A27C9FB252987A700F3022E /* reflogo.png */; };
		0A27CA2D252987A900F3022E /* receipt_mini_bg.png in Resources */ = {isa = PBXBuildFile; fileRef = 0A27C9FC252987A700F3022E /* receipt_mini_bg.png */; };
		0A27CA2E252987A900F3022E /* btn_google_signin_dark_pressed_ios@2x.png in Resources */ = {isa = PBXBuildFile; fileRef = 0A27C9FD252987A800F3022E /* btn_google_signin_dark_pressed_ios@2x.png */; };
		0A27CA2F252987A900F3022E /* pencil_btn.png in Resources */ = {isa = PBXBuildFile; fileRef = 0A27C9FE252987A800F3022E /* pencil_btn.png */; };
		0A27CA30252987A900F3022E /* shadow_box.png in Resources */ = {isa = PBXBuildFile; fileRef = 0A27C9FF252987A800F3022E /* shadow_box.png */; };
		0A27CA31252987A900F3022E /* btn_google_light_pressed_ios@2x.png in Resources */ = {isa = PBXBuildFile; fileRef = 0A27CA00252987A800F3022E /* btn_google_light_pressed_ios@2x.png */; };
		0A27CA32252987A900F3022E /* item_logo.png in Resources */ = {isa = PBXBuildFile; fileRef = 0A27CA01252987A800F3022E /* item_logo.png */; };
		0A27CA33252987A900F3022E /* loading_block.png in Resources */ = {isa = PBXBuildFile; fileRef = 0A27CA02252987A800F3022E /* loading_block.png */; };
		0A27CA372529887800F3022E /* facebooklogin.png in Resources */ = {isa = PBXBuildFile; fileRef = 0A27CA342529887700F3022E /* facebooklogin.png */; };
		0A27CA382529887800F3022E /* googlelogin.png in Resources */ = {isa = PBXBuildFile; fileRef = 0A27CA352529887800F3022E /* googlelogin.png */; };
		0A27CA392529887800F3022E /* twitterlogin.png in Resources */ = {isa = PBXBuildFile; fileRef = 0A27CA362529887800F3022E /* twitterlogin.png */; };
		0A27CA3B2529897800F3022E /* twitterSample.png in Resources */ = {isa = PBXBuildFile; fileRef = 0A27CA3A2529897800F3022E /* twitterSample.png */; };
		0AFAC9A3252863DB00D3ED19 /* AppDelegate.swift in Sources */ = {isa = PBXBuildFile; fileRef = 0AFAC9A2252863DB00D3ED19 /* AppDelegate.swift */; };
		0AFAC9A5252863DB00D3ED19 /* SceneDelegate.swift in Sources */ = {isa = PBXBuildFile; fileRef = 0AFAC9A4252863DB00D3ED19 /* SceneDelegate.swift */; };
		0AFAC9A7252863DB00D3ED19 /* ViewController.swift in Sources */ = {isa = PBXBuildFile; fileRef = 0AFAC9A6252863DB00D3ED19 /* ViewController.swift */; };
		0AFAC9AA252863DB00D3ED19 /* Main.storyboard in Resources */ = {isa = PBXBuildFile; fileRef = 0AFAC9A8252863DB00D3ED19 /* Main.storyboard */; };
		0AFAC9AC252863DD00D3ED19 /* Assets.xcassets in Resources */ = {isa = PBXBuildFile; fileRef = 0AFAC9AB252863DD00D3ED19 /* Assets.xcassets */; };
		0AFAC9AF252863DD00D3ED19 /* LaunchScreen.storyboard in Resources */ = {isa = PBXBuildFile; fileRef = 0AFAC9AD252863DD00D3ED19 /* LaunchScreen.storyboard */; };
		0AFAC9BA252863DD00D3ED19 /* TweetFromSpaceTests.swift in Sources */ = {isa = PBXBuildFile; fileRef = 0AFAC9B9252863DD00D3ED19 /* TweetFromSpaceTests.swift */; };
		0AFAC9C5252863DE00D3ED19 /* TweetFromSpaceUITests.swift in Sources */ = {isa = PBXBuildFile; fileRef = 0AFAC9C4252863DE00D3ED19 /* TweetFromSpaceUITests.swift */; };
		81A2E8B2E075C0DDD7B34142 /* Pods_TweetFromSpace_TweetFromSpaceUITests.framework in Frameworks */ = {isa = PBXBuildFile; fileRef = 52BC0CC082FAA9F8393A337F /* Pods_TweetFromSpace_TweetFromSpaceUITests.framework */; };
		BE3C86205C11CB885340D4BE /* Pods_TweetFromSpaceTests.framework in Frameworks */ = {isa = PBXBuildFile; fileRef = D7D2674F620F6F2384A1F802 /* Pods_TweetFromSpaceTests.framework */; };
		ECE94B11F48C87D98F8CBE06 /* Pods_TweetFromSpace.framework in Frameworks */ = {isa = PBXBuildFile; fileRef = D9467482E0EC38D9EB9EEBC5 /* Pods_TweetFromSpace.framework */; };
/* End PBXBuildFile section */

/* Begin PBXContainerItemProxy section */
		0AFAC9B6252863DD00D3ED19 /* PBXContainerItemProxy */ = {
			isa = PBXContainerItemProxy;
			containerPortal = 0AFAC997252863DB00D3ED19 /* Project object */;
			proxyType = 1;
			remoteGlobalIDString = 0AFAC99E252863DB00D3ED19;
			remoteInfo = TweetFromSpace;
		};
		0AFAC9C1252863DE00D3ED19 /* PBXContainerItemProxy */ = {
			isa = PBXContainerItemProxy;
			containerPortal = 0AFAC997252863DB00D3ED19 /* Project object */;
			proxyType = 1;
			remoteGlobalIDString = 0AFAC99E252863DB00D3ED19;
			remoteInfo = TweetFromSpace;
		};
/* End PBXContainerItemProxy section */

/* Begin PBXFileReference section */
		0365BEBA42FEC4159DAA00BE /* Pods-TweetFromSpace-TweetFromSpaceUITests.debug.xcconfig */ = {isa = PBXFileReference; includeInIndex = 1; lastKnownFileType = text.xcconfig; name = "Pods-TweetFromSpace-TweetFromSpaceUITests.debug.xcconfig"; path = "Target Support Files/Pods-TweetFromSpace-TweetFromSpaceUITests/Pods-TweetFromSpace-TweetFromSpaceUITests.debug.xcconfig"; sourceTree = "<group>"; };
		0A27C2812528DFDA00F3022E /* ViewController2.swift */ = {isa = PBXFileReference; lastKnownFileType = sourcecode.swift; path = ViewController2.swift; sourceTree = "<group>"; };
		0A27C2B1252960FD00F3022E /* GoogleService-Info.plist */ = {isa = PBXFileReference; fileEncoding = 4; lastKnownFileType = text.plist.xml; path = "GoogleService-Info.plist"; sourceTree = "<group>"; };
		0A27C9D2252987A200F3022E /* allmenu.png */ = {isa = PBXFileReference; lastKnownFileType = image.png; name = allmenu.png; path = "../../../../../Dropbox/SORACODE/勉強会/NASA HACKATHON 2020/ViewAssets/allmenu.png"; sourceTree = "<group>"; };
		0A27C9D3252987A200F3022E /* pencil_white.png */ = {isa = PBXFileReference; lastKnownFileType = image.png; name = pencil_white.png; path = "../../../../../Dropbox/SORACODE/勉強会/NASA HACKATHON 2020/ViewAssets/pencil_white.png"; sourceTree = "<group>"; };
		0A27C9D4252987A200F3022E /* plus_button_white.png */ = {isa = PBXFileReference; lastKnownFileType = image.png; name = plus_button_white.png; path = "../../../../../Dropbox/SORACODE/勉強会/NASA HACKATHON 2020/ViewAssets/plus_button_white.png"; sourceTree = "<group>"; };
		0A27C9D5252987A200F3022E /* cell_block.png */ = {isa = PBXFileReference; lastKnownFileType = image.png; name = cell_block.png; path = "../../../../../Dropbox/SORACODE/勉強会/NASA HACKATHON 2020/ViewAssets/cell_block.png"; sourceTree = "<group>"; };
		0A27C9D6252987A200F3022E /* ref_block.png */ = {isa = PBXFileReference; lastKnownFileType = image.png; name = ref_block.png; path = "../../../../../Dropbox/SORACODE/勉強会/NASA HACKATHON 2020/ViewAssets/ref_block.png"; sourceTree = "<group>"; };
		0A27C9D7252987A200F3022E /* loading_main.png */ = {isa = PBXFileReference; lastKnownFileType = image.png; name = loading_main.png; path = "../../../../../Dropbox/SORACODE/勉強会/NASA HACKATHON 2020/ViewAssets/loading_main.png"; sourceTree = "<group>"; };
		0A27C9D8252987A200F3022E /* btn_google_light_disabled_ios@2x.png */ = {isa = PBXFileReference; lastKnownFileType = image.png; name = "btn_google_light_disabled_ios@2x.png"; path = "../../../../../Dropbox/SORACODE/勉強会/NASA HACKATHON 2020/ViewAssets/btn_google_light_disabled_ios@2x.png"; sourceTree = "<group>"; };
		0A27C9D9252987A300F3022E /* loading.png */ = {isa = PBXFileReference; lastKnownFileType = image.png; name = loading.png; path = "../../../../../Dropbox/SORACODE/勉強会/NASA HACKATHON 2020/ViewAssets/loading.png"; sourceTree = "<group>"; };
		0A27C9DA252987A300F3022E /* btn_google_signin_dark_normal_ios@2x.png */ = {isa = PBXFileReference; lastKnownFileType = image.png; name = "btn_google_signin_dark_normal_ios@2x.png"; path = "../../../../../Dropbox/SORACODE/勉強会/NASA HACKATHON 2020/ViewAssets/btn_google_signin_dark_normal_ios@2x.png"; sourceTree = "<group>"; };
		0A27C9DB252987A300F3022E /* edit.png */ = {isa = PBXFileReference; lastKnownFileType = image.png; name = edit.png; path = "../../../../../Dropbox/SORACODE/勉強会/NASA HACKATHON 2020/ViewAssets/edit.png"; sourceTree = "<group>"; };
		0A27C9DC252987A300F3022E /* fish_login.png */ = {isa = PBXFileReference; lastKnownFileType = image.png; name = fish_login.png; path = "../../../../../Dropbox/SORACODE/勉強会/NASA HACKATHON 2020/ViewAssets/fish_login.png"; sourceTree = "<group>"; };
		0A27C9DD252987A300F3022E /* btn_google_signin_dark_disabled_ios@2x.png */ = {isa = PBXFileReference; lastKnownFileType = image.png; name = "btn_google_signin_dark_disabled_ios@2x.png"; path = "../../../../../Dropbox/SORACODE/勉強会/NASA HACKATHON 2020/ViewAssets/btn_google_signin_dark_disabled_ios@2x.png"; sourceTree = "<group>"; };
		0A27C9DE252987A300F3022E /* next.png */ = {isa = PBXFileReference; lastKnownFileType = image.png; name = next.png; path = "../../../../../Dropbox/SORACODE/勉強会/NASA HACKATHON 2020/ViewAssets/next.png"; sourceTree = "<group>"; };
		0A27C9DF252987A300F3022E /* right_white.png */ = {isa = PBXFileReference; lastKnownFileType = image.png; name = right_white.png; path = "../../../../../Dropbox/SORACODE/勉強会/NASA HACKATHON 2020/ViewAssets/right_white.png"; sourceTree = "<group>"; };
		0A27C9E0252987A400F3022E /* camera_btn.png */ = {isa = PBXFileReference; lastKnownFileType = image.png; name = camera_btn.png; path = "../../../../../Dropbox/SORACODE/勉強会/NASA HACKATHON 2020/ViewAssets/camera_btn.png"; sourceTree = "<group>"; };
		0A27C9E1252987A400F3022E /* receipt_bg.png */ = {isa = PBXFileReference; lastKnownFileType = image.png; name = receipt_bg.png; path = "../../../../../Dropbox/SORACODE/勉強会/NASA HACKATHON 2020/ViewAssets/receipt_bg.png"; sourceTree = "<group>"; };
		0A27C9E2252987A400F3022E /* btn_google_signin_dark_focus_ios@2x.png */ = {isa = PBXFileReference; lastKnownFileType = image.png; name = "btn_google_signin_dark_focus_ios@2x.png"; path = "../../../../../Dropbox/SORACODE/勉強会/NASA HACKATHON 2020/ViewAssets/btn_google_signin_dark_focus_ios@2x.png"; sourceTree = "<group>"; };
		0A27C9E3252987A400F3022E /* allow_left.png */ = {isa = PBXFileReference; lastKnownFileType = image.png; name = allow_left.png; path = "../../../../../Dropbox/SORACODE/勉強会/NASA HACKATHON 2020/ViewAssets/allow_left.png"; sourceTree = "<group>"; };
		0A27C9E4252987A400F3022E /* allow_right.png */ = {isa = PBXFileReference; lastKnownFileType = image.png; name = allow_right.png; path = "../../../../../Dropbox/SORACODE/勉強会/NASA HACKATHON 2020/ViewAssets/allow_right.png"; sourceTree = "<group>"; };
		0A27C9E5252987A400F3022E /* login_block.png */ = {isa = PBXFileReference; lastKnownFileType = image.png; name = login_block.png; path = "../../../../../Dropbox/SORACODE/勉強会/NASA HACKATHON 2020/ViewAssets/login_block.png"; sourceTree = "<group>"; };
		0A27C9E6252987A400F3022E /* plus_orange.png */ = {isa = PBXFileReference; lastKnownFileType = image.png; name = plus_orange.png; path = "../../../../../Dropbox/SORACODE/勉強会/NASA HACKATHON 2020/ViewAssets/plus_orange.png"; sourceTree = "<group>"; };
		0A27C9E7252987A500F3022E /* retake.png */ = {isa = PBXFileReference; lastKnownFileType = image.png; name = retake.png; path = "../../../../../Dropbox/SORACODE/勉強会/NASA HACKATHON 2020/ViewAssets/retake.png"; sourceTree = "<group>"; };
		0A27C9E8252987A500F3022E /* bg_orange.png */ = {isa = PBXFileReference; lastKnownFileType = image.png; name = bg_orange.png; path = "../../../../../Dropbox/SORACODE/勉強会/NASA HACKATHON 2020/ViewAssets/bg_orange.png"; sourceTree = "<group>"; };
		0A27C9E9252987A500F3022E /* REFREM.png */ = {isa = PBXFileReference; lastKnownFileType = image.png; name = REFREM.png; path = "../../../../../Dropbox/SORACODE/勉強会/NASA HACKATHON 2020/ViewAssets/REFREM.png"; sourceTree = "<group>"; };
		0A27C9EA252987A500F3022E /* camera.png */ = {isa = PBXFileReference; lastKnownFileType = image.png; name = camera.png; path = "../../../../../Dropbox/SORACODE/勉強会/NASA HACKATHON 2020/ViewAssets/camera.png"; sourceTree = "<group>"; };
		0A27C9EB252987A500F3022E /* login_bg.png */ = {isa = PBXFileReference; lastKnownFileType = image.png; name = login_bg.png; path = "../../../../../Dropbox/SORACODE/勉強会/NASA HACKATHON 2020/ViewAssets/login_bg.png"; sourceTree = "<group>"; };
		0A27C9EC252987A500F3022E /* all_menu.png */ = {isa = PBXFileReference; lastKnownFileType = image.png; name = all_menu.png; path = "../../../../../Dropbox/SORACODE/勉強会/NASA HACKATHON 2020/ViewAssets/all_menu.png"; sourceTree = "<group>"; };
		0A27C9ED252987A500F3022E /* allow_under.png */ = {isa = PBXFileReference; lastKnownFileType = image.png; name = allow_under.png; path = "../../../../../Dropbox/SORACODE/勉強会/NASA HACKATHON 2020/ViewAssets/allow_under.png"; sourceTree = "<group>"; };
		0A27C9EE252987A600F3022E /* login.png */ = {isa = PBXFileReference; lastKnownFileType = image.png; name = login.png; path = "../../../../../Dropbox/SORACODE/勉強会/NASA HACKATHON 2020/ViewAssets/login.png"; sourceTree = "<group>"; };
		0A27C9EF252987A600F3022E /* loading_bar.png */ = {isa = PBXFileReference; lastKnownFileType = image.png; name = loading_bar.png; path = "../../../../../Dropbox/SORACODE/勉強会/NASA HACKATHON 2020/ViewAssets/loading_bar.png"; sourceTree = "<group>"; };
		0A27C9F0252987A600F3022E /* left_white.png */ = {isa = PBXFileReference; lastKnownFileType = image.png; name = left_white.png; path = "../../../../../Dropbox/SORACODE/勉強会/NASA HACKATHON 2020/ViewAssets/left_white.png"; sourceTree = "<group>"; };
		0A27C9F1252987A600F3022E /* refrem_logo.png */ = {isa = PBXFileReference; lastKnownFileType = image.png; name = refrem_logo.png; path = "../../../../../Dropbox/SORACODE/勉強会/NASA HACKATHON 2020/ViewAssets/refrem_logo.png"; sourceTree = "<group>"; };
		0A27C9F2252987A600F3022E /* white_box.png */ = {isa = PBXFileReference; lastKnownFileType = image.png; name = white_box.png; path = "../../../../../Dropbox/SORACODE/勉強会/NASA HACKATHON 2020/ViewAssets/white_box.png"; sourceTree = "<group>"; };
		0A27C9F3252987A600F3022E /* btn_google_light_focus_ios@2x.png */ = {isa = PBXFileReference; lastKnownFileType = image.png; name = "btn_google_light_focus_ios@2x.png"; path = "../../../../../Dropbox/SORACODE/勉強会/NASA HACKATHON 2020/ViewAssets/btn_google_light_focus_ios@2x.png"; sourceTree = "<group>"; };
		0A27C9F4252987A600F3022E /* receipt.png */ = {isa = PBXFileReference; lastKnownFileType = image.png; name = receipt.png; path = "../../../../../Dropbox/SORACODE/勉強会/NASA HACKATHON 2020/ViewAssets/receipt.png"; sourceTree = "<group>"; };
		0A27C9F5252987A700F3022E /* ref_bg.png */ = {isa = PBXFileReference; lastKnownFileType = image.png; name = ref_bg.png; path = "../../../../../Dropbox/SORACODE/勉強会/NASA HACKATHON 2020/ViewAssets/ref_bg.png"; sourceTree = "<group>"; };
		0A27C9F6252987A700F3022E /* signup_login.png */ = {isa = PBXFileReference; lastKnownFileType = image.png; name = signup_login.png; path = "../../../../../Dropbox/SORACODE/勉強会/NASA HACKATHON 2020/ViewAssets/signup_login.png"; sourceTree = "<group>"; };
		0A27C9F7252987A700F3022E /* underbtn.png */ = {isa = PBXFileReference; lastKnownFileType = image.png; name = underbtn.png; path = "../../../../../Dropbox/SORACODE/勉強会/NASA HACKATHON 2020/ViewAssets/underbtn.png"; sourceTree = "<group>"; };
		0A27C9F8252987A700F3022E /* btn_google_light_normal_ios@2x.png */ = {isa = PBXFileReference; lastKnownFileType = image.png; name = "btn_google_light_normal_ios@2x.png"; path = "../../../../../Dropbox/SORACODE/勉強会/NASA HACKATHON 2020/ViewAssets/btn_google_light_normal_ios@2x.png"; sourceTree = "<group>"; };
		0A27C9F9252987A700F3022E /* btn_google_dark_disabled_ios@2x.png */ = {isa = PBXFileReference; lastKnownFileType = image.png; name = "btn_google_dark_disabled_ios@2x.png"; path = "../../../../../Dropbox/SORACODE/勉強会/NASA HACKATHON 2020/ViewAssets/btn_google_dark_disabled_ios@2x.png"; sourceTree = "<group>"; };
		0A27C9FA252987A700F3022E /* minus_orange.png */ = {isa = PBXFileReference; lastKnownFileType = image.png; name = minus_orange.png; path = "../../../../../Dropbox/SORACODE/勉強会/NASA HACKATHON 2020/ViewAssets/minus_orange.png"; sourceTree = "<group>"; };
		0A27C9FB252987A700F3022E /* reflogo.png */ = {isa = PBXFileReference; lastKnownFileType = image.png; name = reflogo.png; path = "../../../../../Dropbox/SORACODE/勉強会/NASA HACKATHON 2020/ViewAssets/reflogo.png"; sourceTree = "<group>"; };
		0A27C9FC252987A700F3022E /* receipt_mini_bg.png */ = {isa = PBXFileReference; lastKnownFileType = image.png; name = receipt_mini_bg.png; path = "../../../../../Dropbox/SORACODE/勉強会/NASA HACKATHON 2020/ViewAssets/receipt_mini_bg.png"; sourceTree = "<group>"; };
		0A27C9FD252987A800F3022E /* btn_google_signin_dark_pressed_ios@2x.png */ = {isa = PBXFileReference; lastKnownFileType = image.png; name = "btn_google_signin_dark_pressed_ios@2x.png"; path = "../../../../../Dropbox/SORACODE/勉強会/NASA HACKATHON 2020/ViewAssets/btn_google_signin_dark_pressed_ios@2x.png"; sourceTree = "<group>"; };
		0A27C9FE252987A800F3022E /* pencil_btn.png */ = {isa = PBXFileReference; lastKnownFileType = image.png; name = pencil_btn.png; path = "../../../../../Dropbox/SORACODE/勉強会/NASA HACKATHON 2020/ViewAssets/pencil_btn.png"; sourceTree = "<group>"; };
		0A27C9FF252987A800F3022E /* shadow_box.png */ = {isa = PBXFileReference; lastKnownFileType = image.png; name = shadow_box.png; path = "../../../../../Dropbox/SORACODE/勉強会/NASA HACKATHON 2020/ViewAssets/shadow_box.png"; sourceTree = "<group>"; };
		0A27CA00252987A800F3022E /* btn_google_light_pressed_ios@2x.png */ = {isa = PBXFileReference; lastKnownFileType = image.png; name = "btn_google_light_pressed_ios@2x.png"; path = "../../../../../Dropbox/SORACODE/勉強会/NASA HACKATHON 2020/ViewAssets/btn_google_light_pressed_ios@2x.png"; sourceTree = "<group>"; };
		0A27CA01252987A800F3022E /* item_logo.png */ = {isa = PBXFileReference; lastKnownFileType = image.png; name = item_logo.png; path = "../../../../../Dropbox/SORACODE/勉強会/NASA HACKATHON 2020/ViewAssets/item_logo.png"; sourceTree = "<group>"; };
		0A27CA02252987A800F3022E /* loading_block.png */ = {isa = PBXFileReference; lastKnownFileType = image.png; name = loading_block.png; path = "../../../../../Dropbox/SORACODE/勉強会/NASA HACKATHON 2020/ViewAssets/loading_block.png"; sourceTree = "<group>"; };
		0A27CA342529887700F3022E /* facebooklogin.png */ = {isa = PBXFileReference; lastKnownFileType = image.png; name = facebooklogin.png; path = ../../../../../Downloads/facebooklogin.png; sourceTree = "<group>"; };
		0A27CA352529887800F3022E /* googlelogin.png */ = {isa = PBXFileReference; lastKnownFileType = image.png; name = googlelogin.png; path = ../../../../../Downloads/googlelogin.png; sourceTree = "<group>"; };
		0A27CA362529887800F3022E /* twitterlogin.png */ = {isa = PBXFileReference; lastKnownFileType = image.png; name = twitterlogin.png; path = ../../../../../Downloads/twitterlogin.png; sourceTree = "<group>"; };
		0A27CA3A2529897800F3022E /* twitterSample.png */ = {isa = PBXFileReference; lastKnownFileType = image.png; name = twitterSample.png; path = ../../../../twitterSample.png; sourceTree = "<group>"; };
		0AFAC99F252863DB00D3ED19 /* TweetFromSpace.app */ = {isa = PBXFileReference; explicitFileType = wrapper.application; includeInIndex = 0; path = TweetFromSpace.app; sourceTree = BUILT_PRODUCTS_DIR; };
		0AFAC9A2252863DB00D3ED19 /* AppDelegate.swift */ = {isa = PBXFileReference; lastKnownFileType = sourcecode.swift; path = AppDelegate.swift; sourceTree = "<group>"; };
		0AFAC9A4252863DB00D3ED19 /* SceneDelegate.swift */ = {isa = PBXFileReference; lastKnownFileType = sourcecode.swift; path = SceneDelegate.swift; sourceTree = "<group>"; };
		0AFAC9A6252863DB00D3ED19 /* ViewController.swift */ = {isa = PBXFileReference; lastKnownFileType = sourcecode.swift; path = ViewController.swift; sourceTree = "<group>"; };
		0AFAC9A9252863DB00D3ED19 /* Base */ = {isa = PBXFileReference; lastKnownFileType = file.storyboard; name = Base; path = Base.lproj/Main.storyboard; sourceTree = "<group>"; };
		0AFAC9AB252863DD00D3ED19 /* Assets.xcassets */ = {isa = PBXFileReference; lastKnownFileType = folder.assetcatalog; path = Assets.xcassets; sourceTree = "<group>"; };
		0AFAC9AE252863DD00D3ED19 /* Base */ = {isa = PBXFileReference; lastKnownFileType = file.storyboard; name = Base; path = Base.lproj/LaunchScreen.storyboard; sourceTree = "<group>"; };
		0AFAC9B0252863DD00D3ED19 /* Info.plist */ = {isa = PBXFileReference; lastKnownFileType = text.plist.xml; path = Info.plist; sourceTree = "<group>"; };
		0AFAC9B5252863DD00D3ED19 /* TweetFromSpaceTests.xctest */ = {isa = PBXFileReference; explicitFileType = wrapper.cfbundle; includeInIndex = 0; path = TweetFromSpaceTests.xctest; sourceTree = BUILT_PRODUCTS_DIR; };
		0AFAC9B9252863DD00D3ED19 /* TweetFromSpaceTests.swift */ = {isa = PBXFileReference; lastKnownFileType = sourcecode.swift; path = TweetFromSpaceTests.swift; sourceTree = "<group>"; };
		0AFAC9BB252863DD00D3ED19 /* Info.plist */ = {isa = PBXFileReference; lastKnownFileType = text.plist.xml; path = Info.plist; sourceTree = "<group>"; };
		0AFAC9C0252863DE00D3ED19 /* TweetFromSpaceUITests.xctest */ = {isa = PBXFileReference; explicitFileType = wrapper.cfbundle; includeInIndex = 0; path = TweetFromSpaceUITests.xctest; sourceTree = BUILT_PRODUCTS_DIR; };
		0AFAC9C4252863DE00D3ED19 /* TweetFromSpaceUITests.swift */ = {isa = PBXFileReference; lastKnownFileType = sourcecode.swift; path = TweetFromSpaceUITests.swift; sourceTree = "<group>"; };
		0AFAC9C6252863DE00D3ED19 /* Info.plist */ = {isa = PBXFileReference; lastKnownFileType = text.plist.xml; path = Info.plist; sourceTree = "<group>"; };
		0E11C3C2B011E48C4534127E /* Pods-TweetFromSpaceTests.debug.xcconfig */ = {isa = PBXFileReference; includeInIndex = 1; lastKnownFileType = text.xcconfig; name = "Pods-TweetFromSpaceTests.debug.xcconfig"; path = "Target Support Files/Pods-TweetFromSpaceTests/Pods-TweetFromSpaceTests.debug.xcconfig"; sourceTree = "<group>"; };
		52BC0CC082FAA9F8393A337F /* Pods_TweetFromSpace_TweetFromSpaceUITests.framework */ = {isa = PBXFileReference; explicitFileType = wrapper.framework; includeInIndex = 0; path = Pods_TweetFromSpace_TweetFromSpaceUITests.framework; sourceTree = BUILT_PRODUCTS_DIR; };
		5C2C81C461225859DDF0CCE4 /* Pods-TweetFromSpaceTests.release.xcconfig */ = {isa = PBXFileReference; includeInIndex = 1; lastKnownFileType = text.xcconfig; name = "Pods-TweetFromSpaceTests.release.xcconfig"; path = "Target Support Files/Pods-TweetFromSpaceTests/Pods-TweetFromSpaceTests.release.xcconfig"; sourceTree = "<group>"; };
		81DFF7F3C7C8BA054903CDE3 /* Pods-TweetFromSpace-TweetFromSpaceUITests.release.xcconfig */ = {isa = PBXFileReference; includeInIndex = 1; lastKnownFileType = text.xcconfig; name = "Pods-TweetFromSpace-TweetFromSpaceUITests.release.xcconfig"; path = "Target Support Files/Pods-TweetFromSpace-TweetFromSpaceUITests/Pods-TweetFromSpace-TweetFromSpaceUITests.release.xcconfig"; sourceTree = "<group>"; };
		D7D2674F620F6F2384A1F802 /* Pods_TweetFromSpaceTests.framework */ = {isa = PBXFileReference; explicitFileType = wrapper.framework; includeInIndex = 0; path = Pods_TweetFromSpaceTests.framework; sourceTree = BUILT_PRODUCTS_DIR; };
		D9467482E0EC38D9EB9EEBC5 /* Pods_TweetFromSpace.framework */ = {isa = PBXFileReference; explicitFileType = wrapper.framework; includeInIndex = 0; path = Pods_TweetFromSpace.framework; sourceTree = BUILT_PRODUCTS_DIR; };
		DC9DCE5D681057D7656A1D4C /* Pods-TweetFromSpace.release.xcconfig */ = {isa = PBXFileReference; includeInIndex = 1; lastKnownFileType = text.xcconfig; name = "Pods-TweetFromSpace.release.xcconfig"; path = "Target Support Files/Pods-TweetFromSpace/Pods-TweetFromSpace.release.xcconfig"; sourceTree = "<group>"; };
		DF1F4A5A68DDEF00AAFEB5F3 /* Pods-TweetFromSpace.debug.xcconfig */ = {isa = PBXFileReference; includeInIndex = 1; lastKnownFileType = text.xcconfig; name = "Pods-TweetFromSpace.debug.xcconfig"; path = "Target Support Files/Pods-TweetFromSpace/Pods-TweetFromSpace.debug.xcconfig"; sourceTree = "<group>"; };
/* End PBXFileReference section */

/* Begin PBXFrameworksBuildPhase section */
		0AFAC99C252863DB00D3ED19 /* Frameworks */ = {
			isa = PBXFrameworksBuildPhase;
			buildActionMask = 2147483647;
			files = (
				ECE94B11F48C87D98F8CBE06 /* Pods_TweetFromSpace.framework in Frameworks */,
			);
			runOnlyForDeploymentPostprocessing = 0;
		};
		0AFAC9B2252863DD00D3ED19 /* Frameworks */ = {
			isa = PBXFrameworksBuildPhase;
			buildActionMask = 2147483647;
			files = (
				BE3C86205C11CB885340D4BE /* Pods_TweetFromSpaceTests.framework in Frameworks */,
			);
			runOnlyForDeploymentPostprocessing = 0;
		};
		0AFAC9BD252863DE00D3ED19 /* Frameworks */ = {
			isa = PBXFrameworksBuildPhase;
			buildActionMask = 2147483647;
			files = (
				81A2E8B2E075C0DDD7B34142 /* Pods_TweetFromSpace_TweetFromSpaceUITests.framework in Frameworks */,
			);
			runOnlyForDeploymentPostprocessing = 0;
		};
/* End PBXFrameworksBuildPhase section */

/* Begin PBXGroup section */
		0ABB0F2D2528A81B00C56E06 /* View */ = {
			isa = PBXGroup;
			children = (
				0AFAC9A6252863DB00D3ED19 /* ViewController.swift */,
				0A27C2812528DFDA00F3022E /* ViewController2.swift */,
			);
			path = View;
			sourceTree = "<group>";
		};
		0AFAC996252863DA00D3ED19 = {
			isa = PBXGroup;
			children = (
				0AFAC9A1252863DB00D3ED19 /* TweetFromSpace */,
				0AFAC9B8252863DD00D3ED19 /* TweetFromSpaceTests */,
				0AFAC9C3252863DE00D3ED19 /* TweetFromSpaceUITests */,
				0AFAC9A0252863DB00D3ED19 /* Products */,
				EB0080596DFDFDEB0EC64199 /* Pods */,
				D2812229FC6B3271679753E3 /* Frameworks */,
			);
			sourceTree = "<group>";
		};
		0AFAC9A0252863DB00D3ED19 /* Products */ = {
			isa = PBXGroup;
			children = (
				0AFAC99F252863DB00D3ED19 /* TweetFromSpace.app */,
				0AFAC9B5252863DD00D3ED19 /* TweetFromSpaceTests.xctest */,
				0AFAC9C0252863DE00D3ED19 /* TweetFromSpaceUITests.xctest */,
			);
			name = Products;
			sourceTree = "<group>";
		};
		0AFAC9A1252863DB00D3ED19 /* TweetFromSpace */ = {
			isa = PBXGroup;
			children = (
				0A27CA3A2529897800F3022E /* twitterSample.png */,
				0A27CA342529887700F3022E /* facebooklogin.png */,
				0A27CA352529887800F3022E /* googlelogin.png */,
				0A27CA362529887800F3022E /* twitterlogin.png */,
				0A27C9EC252987A500F3022E /* all_menu.png */,
				0A27C9D2252987A200F3022E /* allmenu.png */,
				0A27C9E3252987A400F3022E /* allow_left.png */,
				0A27C9E4252987A400F3022E /* allow_right.png */,
				0A27C9ED252987A500F3022E /* allow_under.png */,
				0A27C9E8252987A500F3022E /* bg_orange.png */,
				0A27C9F9252987A700F3022E /* btn_google_dark_disabled_ios@2x.png */,
				0A27C9D8252987A200F3022E /* btn_google_light_disabled_ios@2x.png */,
				0A27C9F3252987A600F3022E /* btn_google_light_focus_ios@2x.png */,
				0A27C9F8252987A700F3022E /* btn_google_light_normal_ios@2x.png */,
				0A27CA00252987A800F3022E /* btn_google_light_pressed_ios@2x.png */,
				0A27C9DD252987A300F3022E /* btn_google_signin_dark_disabled_ios@2x.png */,
				0A27C9E2252987A400F3022E /* btn_google_signin_dark_focus_ios@2x.png */,
				0A27C9DA252987A300F3022E /* btn_google_signin_dark_normal_ios@2x.png */,
				0A27C9FD252987A800F3022E /* btn_google_signin_dark_pressed_ios@2x.png */,
				0A27C9E0252987A400F3022E /* camera_btn.png */,
				0A27C9EA252987A500F3022E /* camera.png */,
				0A27C9D5252987A200F3022E /* cell_block.png */,
				0A27C9DB252987A300F3022E /* edit.png */,
				0A27C9DC252987A300F3022E /* fish_login.png */,
				0A27CA01252987A800F3022E /* item_logo.png */,
				0A27C9F0252987A600F3022E /* left_white.png */,
				0A27C9EF252987A600F3022E /* loading_bar.png */,
				0A27CA02252987A800F3022E /* loading_block.png */,
				0A27C9D7252987A200F3022E /* loading_main.png */,
				0A27C9D9252987A300F3022E /* loading.png */,
				0A27C9EB252987A500F3022E /* login_bg.png */,
				0A27C9E5252987A400F3022E /* login_block.png */,
				0A27C9EE252987A600F3022E /* login.png */,
				0A27C9FA252987A700F3022E /* minus_orange.png */,
				0A27C9DE252987A300F3022E /* next.png */,
				0A27C9FE252987A800F3022E /* pencil_btn.png */,
				0A27C9D3252987A200F3022E /* pencil_white.png */,
				0A27C9D4252987A200F3022E /* plus_button_white.png */,
				0A27C9E6252987A400F3022E /* plus_orange.png */,
				0A27C9E1252987A400F3022E /* receipt_bg.png */,
				0A27C9FC252987A700F3022E /* receipt_mini_bg.png */,
				0A27C9F4252987A600F3022E /* receipt.png */,
				0A27C9F5252987A700F3022E /* ref_bg.png */,
				0A27C9D6252987A200F3022E /* ref_block.png */,
				0A27C9FB252987A700F3022E /* reflogo.png */,
				0A27C9F1252987A600F3022E /* refrem_logo.png */,
				0A27C9E9252987A500F3022E /* REFREM.png */,
				0A27C9E7252987A500F3022E /* retake.png */,
				0A27C9DF252987A300F3022E /* right_white.png */,
				0A27C9FF252987A800F3022E /* shadow_box.png */,
				0A27C9F6252987A700F3022E /* signup_login.png */,
				0A27C9F7252987A700F3022E /* underbtn.png */,
				0A27C9F2252987A600F3022E /* white_box.png */,
				0ABB0F2D2528A81B00C56E06 /* View */,
				0AFAC9A2252863DB00D3ED19 /* AppDelegate.swift */,
				0AFAC9A4252863DB00D3ED19 /* SceneDelegate.swift */,
				0AFAC9A8252863DB00D3ED19 /* Main.storyboard */,
				0AFAC9AB252863DD00D3ED19 /* Assets.xcassets */,
				0AFAC9AD252863DD00D3ED19 /* LaunchScreen.storyboard */,
				0A27C2B1252960FD00F3022E /* GoogleService-Info.plist */,
				0AFAC9B0252863DD00D3ED19 /* Info.plist */,
			);
			path = TweetFromSpace;
			sourceTree = "<group>";
		};
		0AFAC9B8252863DD00D3ED19 /* TweetFromSpaceTests */ = {
			isa = PBXGroup;
			children = (
				0AFAC9B9252863DD00D3ED19 /* TweetFromSpaceTests.swift */,
				0AFAC9BB252863DD00D3ED19 /* Info.plist */,
			);
			path = TweetFromSpaceTests;
			sourceTree = "<group>";
		};
		0AFAC9C3252863DE00D3ED19 /* TweetFromSpaceUITests */ = {
			isa = PBXGroup;
			children = (
				0AFAC9C4252863DE00D3ED19 /* TweetFromSpaceUITests.swift */,
				0AFAC9C6252863DE00D3ED19 /* Info.plist */,
			);
			path = TweetFromSpaceUITests;
			sourceTree = "<group>";
		};
		D2812229FC6B3271679753E3 /* Frameworks */ = {
			isa = PBXGroup;
			children = (
				D9467482E0EC38D9EB9EEBC5 /* Pods_TweetFromSpace.framework */,
				52BC0CC082FAA9F8393A337F /* Pods_TweetFromSpace_TweetFromSpaceUITests.framework */,
				D7D2674F620F6F2384A1F802 /* Pods_TweetFromSpaceTests.framework */,
			);
			name = Frameworks;
			sourceTree = "<group>";
		};
		EB0080596DFDFDEB0EC64199 /* Pods */ = {
			isa = PBXGroup;
			children = (
				DF1F4A5A68DDEF00AAFEB5F3 /* Pods-TweetFromSpace.debug.xcconfig */,
				DC9DCE5D681057D7656A1D4C /* Pods-TweetFromSpace.release.xcconfig */,
				0365BEBA42FEC4159DAA00BE /* Pods-TweetFromSpace-TweetFromSpaceUITests.debug.xcconfig */,
				81DFF7F3C7C8BA054903CDE3 /* Pods-TweetFromSpace-TweetFromSpaceUITests.release.xcconfig */,
				0E11C3C2B011E48C4534127E /* Pods-TweetFromSpaceTests.debug.xcconfig */,
				5C2C81C461225859DDF0CCE4 /* Pods-TweetFromSpaceTests.release.xcconfig */,
			);
			path = Pods;
			sourceTree = "<group>";
		};
/* End PBXGroup section */

/* Begin PBXNativeTarget section */
		0AFAC99E252863DB00D3ED19 /* TweetFromSpace */ = {
			isa = PBXNativeTarget;
			buildConfigurationList = 0AFAC9C9252863DE00D3ED19 /* Build configuration list for PBXNativeTarget "TweetFromSpace" */;
			buildPhases = (
				BE1348A752E12F196F225279 /* [CP] Check Pods Manifest.lock */,
				0AFAC99B252863DB00D3ED19 /* Sources */,
				0AFAC99C252863DB00D3ED19 /* Frameworks */,
				0AFAC99D252863DB00D3ED19 /* Resources */,
				79714CE512E36763558EF0FE /* [CP] Embed Pods Frameworks */,
				9649BADEE747E315563CE52E /* [CP] Copy Pods Resources */,
			);
			buildRules = (
			);
			dependencies = (
			);
			name = TweetFromSpace;
			productName = TweetFromSpace;
			productReference = 0AFAC99F252863DB00D3ED19 /* TweetFromSpace.app */;
			productType = "com.apple.product-type.application";
		};
		0AFAC9B4252863DD00D3ED19 /* TweetFromSpaceTests */ = {
			isa = PBXNativeTarget;
			buildConfigurationList = 0AFAC9CC252863DE00D3ED19 /* Build configuration list for PBXNativeTarget "TweetFromSpaceTests" */;
			buildPhases = (
				09E2936C81ADBD3829993ECC /* [CP] Check Pods Manifest.lock */,
				0AFAC9B1252863DD00D3ED19 /* Sources */,
				0AFAC9B2252863DD00D3ED19 /* Frameworks */,
				0AFAC9B3252863DD00D3ED19 /* Resources */,
			);
			buildRules = (
			);
			dependencies = (
				0AFAC9B7252863DD00D3ED19 /* PBXTargetDependency */,
			);
			name = TweetFromSpaceTests;
			productName = TweetFromSpaceTests;
			productReference = 0AFAC9B5252863DD00D3ED19 /* TweetFromSpaceTests.xctest */;
			productType = "com.apple.product-type.bundle.unit-test";
		};
		0AFAC9BF252863DE00D3ED19 /* TweetFromSpaceUITests */ = {
			isa = PBXNativeTarget;
			buildConfigurationList = 0AFAC9CF252863DE00D3ED19 /* Build configuration list for PBXNativeTarget "TweetFromSpaceUITests" */;
			buildPhases = (
				421B344BA3DA2FDC4FF29A08 /* [CP] Check Pods Manifest.lock */,
				0AFAC9BC252863DE00D3ED19 /* Sources */,
				0AFAC9BD252863DE00D3ED19 /* Frameworks */,
				0AFAC9BE252863DE00D3ED19 /* Resources */,
				45FE3DF982DD32EBFD312D7F /* [CP] Embed Pods Frameworks */,
				191693F7CEC58A0165BF2D89 /* [CP] Copy Pods Resources */,
			);
			buildRules = (
			);
			dependencies = (
				0AFAC9C2252863DE00D3ED19 /* PBXTargetDependency */,
			);
			name = TweetFromSpaceUITests;
			productName = TweetFromSpaceUITests;
			productReference = 0AFAC9C0252863DE00D3ED19 /* TweetFromSpaceUITests.xctest */;
			productType = "com.apple.product-type.bundle.ui-testing";
		};
/* End PBXNativeTarget section */

/* Begin PBXProject section */
		0AFAC997252863DB00D3ED19 /* Project object */ = {
			isa = PBXProject;
			attributes = {
				LastSwiftUpdateCheck = 1170;
				LastUpgradeCheck = 1200;
				ORGANIZATIONNAME = K;
				TargetAttributes = {
					0AFAC99E252863DB00D3ED19 = {
						CreatedOnToolsVersion = 11.7;
					};
					0AFAC9B4252863DD00D3ED19 = {
						CreatedOnToolsVersion = 11.7;
						TestTargetID = 0AFAC99E252863DB00D3ED19;
					};
					0AFAC9BF252863DE00D3ED19 = {
						CreatedOnToolsVersion = 11.7;
						TestTargetID = 0AFAC99E252863DB00D3ED19;
					};
				};
			};
			buildConfigurationList = 0AFAC99A252863DB00D3ED19 /* Build configuration list for PBXProject "TweetFromSpace" */;
			compatibilityVersion = "Xcode 9.3";
			developmentRegion = en;
			hasScannedForEncodings = 0;
			knownRegions = (
				en,
				Base,
			);
			mainGroup = 0AFAC996252863DA00D3ED19;
			productRefGroup = 0AFAC9A0252863DB00D3ED19 /* Products */;
			projectDirPath = "";
			projectRoot = "";
			targets = (
				0AFAC99E252863DB00D3ED19 /* TweetFromSpace */,
				0AFAC9B4252863DD00D3ED19 /* TweetFromSpaceTests */,
				0AFAC9BF252863DE00D3ED19 /* TweetFromSpaceUITests */,
			);
		};
/* End PBXProject section */

/* Begin PBXResourcesBuildPhase section */
		0AFAC99D252863DB00D3ED19 /* Resources */ = {
			isa = PBXResourcesBuildPhase;
			buildActionMask = 2147483647;
			files = (
				0A27CA14252987A900F3022E /* allow_left.png in Resources */,
				0A27CA0E252987A900F3022E /* btn_google_signin_dark_disabled_ios@2x.png in Resources */,
				0A27CA20252987A900F3022E /* loading_bar.png in Resources */,
				0A27CA33252987A900F3022E /* loading_block.png in Resources */,
				0A27CA12252987A900F3022E /* receipt_bg.png in Resources */,
				0A27CA25252987A900F3022E /* receipt.png in Resources */,
				0A27CA0A252987A900F3022E /* loading.png in Resources */,
				0A27CA11252987A900F3022E /* camera_btn.png in Resources */,
				0A27CA15252987A900F3022E /* allow_right.png in Resources */,
				0A27CA10252987A900F3022E /* right_white.png in Resources */,
				0A27CA21252987A900F3022E /* left_white.png in Resources */,
				0A27CA26252987A900F3022E /* ref_bg.png in Resources */,
				0A27CA04252987A800F3022E /* pencil_white.png in Resources */,
				0A27CA2C252987A900F3022E /* reflogo.png in Resources */,
				0AFAC9AF252863DD00D3ED19 /* LaunchScreen.storyboard in Resources */,
				0A27CA372529887800F3022E /* facebooklogin.png in Resources */,
				0A27CA07252987A900F3022E /* ref_block.png in Resources */,
				0A27CA13252987A900F3022E /* btn_google_signin_dark_focus_ios@2x.png in Resources */,
				0A27CA2D252987A900F3022E /* receipt_mini_bg.png in Resources */,
				0A27CA08252987A900F3022E /* loading_main.png in Resources */,
				0A27C2B2252960FD00F3022E /* GoogleService-Info.plist in Resources */,
				0A27CA22252987A900F3022E /* refrem_logo.png in Resources */,
				0A27CA3B2529897800F3022E /* twitterSample.png in Resources */,
				0A27CA16252987A900F3022E /* login_block.png in Resources */,
				0A27CA2B252987A900F3022E /* minus_orange.png in Resources */,
				0A27CA19252987A900F3022E /* bg_orange.png in Resources */,
				0A27CA06252987A900F3022E /* cell_block.png in Resources */,
				0A27CA17252987A900F3022E /* plus_orange.png in Resources */,
				0A27CA0C252987A900F3022E /* edit.png in Resources */,
				0A27CA29252987A900F3022E /* btn_google_light_normal_ios@2x.png in Resources */,
				0A27CA09252987A900F3022E /* btn_google_light_disabled_ios@2x.png in Resources */,
				0A27CA27252987A900F3022E /* signup_login.png in Resources */,
				0A27CA392529887800F3022E /* twitterlogin.png in Resources */,
				0A27CA0B252987A900F3022E /* btn_google_signin_dark_normal_ios@2x.png in Resources */,
				0A27CA2F252987A900F3022E /* pencil_btn.png in Resources */,
				0AFAC9AC252863DD00D3ED19 /* Assets.xcassets in Resources */,
				0A27CA1D252987A900F3022E /* all_menu.png in Resources */,
				0A27CA1B252987A900F3022E /* camera.png in Resources */,
				0A27CA28252987A900F3022E /* underbtn.png in Resources */,
				0A27CA32252987A900F3022E /* item_logo.png in Resources */,
				0A27CA382529887800F3022E /* googlelogin.png in Resources */,
				0A27CA24252987A900F3022E /* btn_google_light_focus_ios@2x.png in Resources */,
				0A27CA0D252987A900F3022E /* fish_login.png in Resources */,
				0A27CA0F252987A900F3022E /* next.png in Resources */,
				0A27CA03252987A800F3022E /* allmenu.png in Resources */,
				0A27CA18252987A900F3022E /* retake.png in Resources */,
				0A27CA1C252987A900F3022E /* login_bg.png in Resources */,
				0A27CA1F252987A900F3022E /* login.png in Resources */,
				0A27CA2A252987A900F3022E /* btn_google_dark_disabled_ios@2x.png in Resources */,
				0A27CA31252987A900F3022E /* btn_google_light_pressed_ios@2x.png in Resources */,
				0A27CA05252987A800F3022E /* plus_button_white.png in Resources */,
				0A27CA1A252987A900F3022E /* REFREM.png in Resources */,
				0A27CA1E252987A900F3022E /* allow_under.png in Resources */,
				0A27CA2E252987A900F3022E /* btn_google_signin_dark_pressed_ios@2x.png in Resources */,
				0A27CA30252987A900F3022E /* shadow_box.png in Resources */,
				0A27CA23252987A900F3022E /* white_box.png in Resources */,
				0AFAC9AA252863DB00D3ED19 /* Main.storyboard in Resources */,
			);
			runOnlyForDeploymentPostprocessing = 0;
		};
		0AFAC9B3252863DD00D3ED19 /* Resources */ = {
			isa = PBXResourcesBuildPhase;
			buildActionMask = 2147483647;
			files = (
			);
			runOnlyForDeploymentPostprocessing = 0;
		};
		0AFAC9BE252863DE00D3ED19 /* Resources */ = {
			isa = PBXResourcesBuildPhase;
			buildActionMask = 2147483647;
			files = (
			);
			runOnlyForDeploymentPostprocessing = 0;
		};
/* End PBXResourcesBuildPhase section */

/* Begin PBXShellScriptBuildPhase section */
		09E2936C81ADBD3829993ECC /* [CP] Check Pods Manifest.lock */ = {
			isa = PBXShellScriptBuildPhase;
			buildActionMask = 2147483647;
			files = (
			);
			inputFileListPaths = (
			);
			inputPaths = (
				"${PODS_PODFILE_DIR_PATH}/Podfile.lock",
				"${PODS_ROOT}/Manifest.lock",
			);
			name = "[CP] Check Pods Manifest.lock";
			outputFileListPaths = (
			);
			outputPaths = (
				"$(DERIVED_FILE_DIR)/Pods-TweetFromSpaceTests-checkManifestLockResult.txt",
			);
			runOnlyForDeploymentPostprocessing = 0;
			shellPath = /bin/sh;
			shellScript = "diff \"${PODS_PODFILE_DIR_PATH}/Podfile.lock\" \"${PODS_ROOT}/Manifest.lock\" > /dev/null\nif [ $? != 0 ] ; then\n    # print error to STDERR\n    echo \"error: The sandbox is not in sync with the Podfile.lock. Run 'pod install' or update your CocoaPods installation.\" >&2\n    exit 1\nfi\n# This output is used by Xcode 'outputs' to avoid re-running this script phase.\necho \"SUCCESS\" > \"${SCRIPT_OUTPUT_FILE_0}\"\n";
			showEnvVarsInLog = 0;
		};
		191693F7CEC58A0165BF2D89 /* [CP] Copy Pods Resources */ = {
			isa = PBXShellScriptBuildPhase;
			buildActionMask = 2147483647;
			files = (
			);
			inputFileListPaths = (
				"${PODS_ROOT}/Target Support Files/Pods-TweetFromSpace-TweetFromSpaceUITests/Pods-TweetFromSpace-TweetFromSpaceUITests-resources-${CONFIGURATION}-input-files.xcfilelist",
			);
			name = "[CP] Copy Pods Resources";
			outputFileListPaths = (
				"${PODS_ROOT}/Target Support Files/Pods-TweetFromSpace-TweetFromSpaceUITests/Pods-TweetFromSpace-TweetFromSpaceUITests-resources-${CONFIGURATION}-output-files.xcfilelist",
			);
			runOnlyForDeploymentPostprocessing = 0;
			shellPath = /bin/sh;
			shellScript = "\"${PODS_ROOT}/Target Support Files/Pods-TweetFromSpace-TweetFromSpaceUITests/Pods-TweetFromSpace-TweetFromSpaceUITests-resources.sh\"\n";
			showEnvVarsInLog = 0;
		};
		421B344BA3DA2FDC4FF29A08 /* [CP] Check Pods Manifest.lock */ = {
			isa = PBXShellScriptBuildPhase;
			buildActionMask = 2147483647;
			files = (
			);
			inputFileListPaths = (
			);
			inputPaths = (
				"${PODS_PODFILE_DIR_PATH}/Podfile.lock",
				"${PODS_ROOT}/Manifest.lock",
			);
			name = "[CP] Check Pods Manifest.lock";
			outputFileListPaths = (
			);
			outputPaths = (
				"$(DERIVED_FILE_DIR)/Pods-TweetFromSpace-TweetFromSpaceUITests-checkManifestLockResult.txt",
			);
			runOnlyForDeploymentPostprocessing = 0;
			shellPath = /bin/sh;
			shellScript = "diff \"${PODS_PODFILE_DIR_PATH}/Podfile.lock\" \"${PODS_ROOT}/Manifest.lock\" > /dev/null\nif [ $? != 0 ] ; then\n    # print error to STDERR\n    echo \"error: The sandbox is not in sync with the Podfile.lock. Run 'pod install' or update your CocoaPods installation.\" >&2\n    exit 1\nfi\n# This output is used by Xcode 'outputs' to avoid re-running this script phase.\necho \"SUCCESS\" > \"${SCRIPT_OUTPUT_FILE_0}\"\n";
			showEnvVarsInLog = 0;
		};
		45FE3DF982DD32EBFD312D7F /* [CP] Embed Pods Frameworks */ = {
			isa = PBXShellScriptBuildPhase;
			buildActionMask = 2147483647;
			files = (
			);
			inputFileListPaths = (
				"${PODS_ROOT}/Target Support Files/Pods-TweetFromSpace-TweetFromSpaceUITests/Pods-TweetFromSpace-TweetFromSpaceUITests-frameworks-${CONFIGURATION}-input-files.xcfilelist",
			);
			name = "[CP] Embed Pods Frameworks";
			outputFileListPaths = (
				"${PODS_ROOT}/Target Support Files/Pods-TweetFromSpace-TweetFromSpaceUITests/Pods-TweetFromSpace-TweetFromSpaceUITests-frameworks-${CONFIGURATION}-output-files.xcfilelist",
			);
			runOnlyForDeploymentPostprocessing = 0;
			shellPath = /bin/sh;
			shellScript = "\"${PODS_ROOT}/Target Support Files/Pods-TweetFromSpace-TweetFromSpaceUITests/Pods-TweetFromSpace-TweetFromSpaceUITests-frameworks.sh\"\n";
			showEnvVarsInLog = 0;
		};
		79714CE512E36763558EF0FE /* [CP] Embed Pods Frameworks */ = {
			isa = PBXShellScriptBuildPhase;
			buildActionMask = 2147483647;
			files = (
			);
			inputFileListPaths = (
				"${PODS_ROOT}/Target Support Files/Pods-TweetFromSpace/Pods-TweetFromSpace-frameworks-${CONFIGURATION}-input-files.xcfilelist",
			);
			name = "[CP] Embed Pods Frameworks";
			outputFileListPaths = (
				"${PODS_ROOT}/Target Support Files/Pods-TweetFromSpace/Pods-TweetFromSpace-frameworks-${CONFIGURATION}-output-files.xcfilelist",
			);
			runOnlyForDeploymentPostprocessing = 0;
			shellPath = /bin/sh;
			shellScript = "\"${PODS_ROOT}/Target Support Files/Pods-TweetFromSpace/Pods-TweetFromSpace-frameworks.sh\"\n";
			showEnvVarsInLog = 0;
		};
		9649BADEE747E315563CE52E /* [CP] Copy Pods Resources */ = {
			isa = PBXShellScriptBuildPhase;
			buildActionMask = 2147483647;
			files = (
			);
			inputFileListPaths = (
				"${PODS_ROOT}/Target Support Files/Pods-TweetFromSpace/Pods-TweetFromSpace-resources-${CONFIGURATION}-input-files.xcfilelist",
			);
			name = "[CP] Copy Pods Resources";
			outputFileListPaths = (
				"${PODS_ROOT}/Target Support Files/Pods-TweetFromSpace/Pods-TweetFromSpace-resources-${CONFIGURATION}-output-files.xcfilelist",
			);
			runOnlyForDeploymentPostprocessing = 0;
			shellPath = /bin/sh;
			shellScript = "\"${PODS_ROOT}/Target Support Files/Pods-TweetFromSpace/Pods-TweetFromSpace-resources.sh\"\n";
			showEnvVarsInLog = 0;
		};
		BE1348A752E12F196F225279 /* [CP] Check Pods Manifest.lock */ = {
			isa = PBXShellScriptBuildPhase;
			buildActionMask = 2147483647;
			files = (
			);
			inputFileListPaths = (
			);
			inputPaths = (
				"${PODS_PODFILE_DIR_PATH}/Podfile.lock",
				"${PODS_ROOT}/Manifest.lock",
			);
			name = "[CP] Check Pods Manifest.lock";
			outputFileListPaths = (
			);
			outputPaths = (
				"$(DERIVED_FILE_DIR)/Pods-TweetFromSpace-checkManifestLockResult.txt",
			);
			runOnlyForDeploymentPostprocessing = 0;
			shellPath = /bin/sh;
			shellScript = "diff \"${PODS_PODFILE_DIR_PATH}/Podfile.lock\" \"${PODS_ROOT}/Manifest.lock\" > /dev/null\nif [ $? != 0 ] ; then\n    # print error to STDERR\n    echo \"error: The sandbox is not in sync with the Podfile.lock. Run 'pod install' or update your CocoaPods installation.\" >&2\n    exit 1\nfi\n# This output is used by Xcode 'outputs' to avoid re-running this script phase.\necho \"SUCCESS\" > \"${SCRIPT_OUTPUT_FILE_0}\"\n";
			showEnvVarsInLog = 0;
		};
/* End PBXShellScriptBuildPhase section */

/* Begin PBXSourcesBuildPhase section */
		0AFAC99B252863DB00D3ED19 /* Sources */ = {
			isa = PBXSourcesBuildPhase;
			buildActionMask = 2147483647;
			files = (
				0AFAC9A7252863DB00D3ED19 /* ViewController.swift in Sources */,
				0A27C2822528DFDA00F3022E /* ViewController2.swift in Sources */,
				0AFAC9A3252863DB00D3ED19 /* AppDelegate.swift in Sources */,
				0AFAC9A5252863DB00D3ED19 /* SceneDelegate.swift in Sources */,
			);
			runOnlyForDeploymentPostprocessing = 0;
		};
		0AFAC9B1252863DD00D3ED19 /* Sources */ = {
			isa = PBXSourcesBuildPhase;
			buildActionMask = 2147483647;
			files = (
				0AFAC9BA252863DD00D3ED19 /* TweetFromSpaceTests.swift in Sources */,
			);
			runOnlyForDeploymentPostprocessing = 0;
		};
		0AFAC9BC252863DE00D3ED19 /* Sources */ = {
			isa = PBXSourcesBuildPhase;
			buildActionMask = 2147483647;
			files = (
				0AFAC9C5252863DE00D3ED19 /* TweetFromSpaceUITests.swift in Sources */,
			);
			runOnlyForDeploymentPostprocessing = 0;
		};
/* End PBXSourcesBuildPhase section */

/* Begin PBXTargetDependency section */
		0AFAC9B7252863DD00D3ED19 /* PBXTargetDependency */ = {
			isa = PBXTargetDependency;
			target = 0AFAC99E252863DB00D3ED19 /* TweetFromSpace */;
			targetProxy = 0AFAC9B6252863DD00D3ED19 /* PBXContainerItemProxy */;
		};
		0AFAC9C2252863DE00D3ED19 /* PBXTargetDependency */ = {
			isa = PBXTargetDependency;
			target = 0AFAC99E252863DB00D3ED19 /* TweetFromSpace */;
			targetProxy = 0AFAC9C1252863DE00D3ED19 /* PBXContainerItemProxy */;
		};
/* End PBXTargetDependency section */

/* Begin PBXVariantGroup section */
		0AFAC9A8252863DB00D3ED19 /* Main.storyboard */ = {
			isa = PBXVariantGroup;
			children = (
				0AFAC9A9252863DB00D3ED19 /* Base */,
			);
			name = Main.storyboard;
			sourceTree = "<group>";
		};
		0AFAC9AD252863DD00D3ED19 /* LaunchScreen.storyboard */ = {
			isa = PBXVariantGroup;
			children = (
				0AFAC9AE252863DD00D3ED19 /* Base */,
			);
			name = LaunchScreen.storyboard;
			sourceTree = "<group>";
		};
/* End PBXVariantGroup section */

/* Begin XCBuildConfiguration section */
		0AFAC9C7252863DE00D3ED19 /* Debug */ = {
			isa = XCBuildConfiguration;
			buildSettings = {
				ALWAYS_SEARCH_USER_PATHS = NO;
				CLANG_ANALYZER_NONNULL = YES;
				CLANG_ANALYZER_NUMBER_OBJECT_CONVERSION = YES_AGGRESSIVE;
				CLANG_CXX_LANGUAGE_STANDARD = "gnu++14";
				CLANG_CXX_LIBRARY = "libc++";
				CLANG_ENABLE_MODULES = YES;
				CLANG_ENABLE_OBJC_ARC = YES;
				CLANG_ENABLE_OBJC_WEAK = YES;
				CLANG_WARN_BLOCK_CAPTURE_AUTORELEASING = YES;
				CLANG_WARN_BOOL_CONVERSION = YES;
				CLANG_WARN_COMMA = YES;
				CLANG_WARN_CONSTANT_CONVERSION = YES;
				CLANG_WARN_DEPRECATED_OBJC_IMPLEMENTATIONS = YES;
				CLANG_WARN_DIRECT_OBJC_ISA_USAGE = YES_ERROR;
				CLANG_WARN_DOCUMENTATION_COMMENTS = YES;
				CLANG_WARN_EMPTY_BODY = YES;
				CLANG_WARN_ENUM_CONVERSION = YES;
				CLANG_WARN_INFINITE_RECURSION = YES;
				CLANG_WARN_INT_CONVERSION = YES;
				CLANG_WARN_NON_LITERAL_NULL_CONVERSION = YES;
				CLANG_WARN_OBJC_IMPLICIT_RETAIN_SELF = YES;
				CLANG_WARN_OBJC_LITERAL_CONVERSION = YES;
				CLANG_WARN_OBJC_ROOT_CLASS = YES_ERROR;
				CLANG_WARN_QUOTED_INCLUDE_IN_FRAMEWORK_HEADER = YES;
				CLANG_WARN_RANGE_LOOP_ANALYSIS = YES;
				CLANG_WARN_STRICT_PROTOTYPES = YES;
				CLANG_WARN_SUSPICIOUS_MOVE = YES;
				CLANG_WARN_UNGUARDED_AVAILABILITY = YES_AGGRESSIVE;
				CLANG_WARN_UNREACHABLE_CODE = YES;
				CLANG_WARN__DUPLICATE_METHOD_MATCH = YES;
				COPY_PHASE_STRIP = NO;
				DEBUG_INFORMATION_FORMAT = dwarf;
				ENABLE_STRICT_OBJC_MSGSEND = YES;
				ENABLE_TESTABILITY = YES;
				GCC_C_LANGUAGE_STANDARD = gnu11;
				GCC_DYNAMIC_NO_PIC = NO;
				GCC_NO_COMMON_BLOCKS = YES;
				GCC_OPTIMIZATION_LEVEL = 0;
				GCC_PREPROCESSOR_DEFINITIONS = (
					"DEBUG=1",
					"$(inherited)",
				);
				GCC_WARN_64_TO_32_BIT_CONVERSION = YES;
				GCC_WARN_ABOUT_RETURN_TYPE = YES_ERROR;
				GCC_WARN_UNDECLARED_SELECTOR = YES;
				GCC_WARN_UNINITIALIZED_AUTOS = YES_AGGRESSIVE;
				GCC_WARN_UNUSED_FUNCTION = YES;
				GCC_WARN_UNUSED_VARIABLE = YES;
				IPHONEOS_DEPLOYMENT_TARGET = 13.7;
				MTL_ENABLE_DEBUG_INFO = INCLUDE_SOURCE;
				MTL_FAST_MATH = YES;
				ONLY_ACTIVE_ARCH = YES;
				SDKROOT = iphoneos;
				SWIFT_ACTIVE_COMPILATION_CONDITIONS = DEBUG;
				SWIFT_OPTIMIZATION_LEVEL = "-Onone";
			};
			name = Debug;
		};
		0AFAC9C8252863DE00D3ED19 /* Release */ = {
			isa = XCBuildConfiguration;
			buildSettings = {
				ALWAYS_SEARCH_USER_PATHS = NO;
				CLANG_ANALYZER_NONNULL = YES;
				CLANG_ANALYZER_NUMBER_OBJECT_CONVERSION = YES_AGGRESSIVE;
				CLANG_CXX_LANGUAGE_STANDARD = "gnu++14";
				CLANG_CXX_LIBRARY = "libc++";
				CLANG_ENABLE_MODULES = YES;
				CLANG_ENABLE_OBJC_ARC = YES;
				CLANG_ENABLE_OBJC_WEAK = YES;
				CLANG_WARN_BLOCK_CAPTURE_AUTORELEASING = YES;
				CLANG_WARN_BOOL_CONVERSION = YES;
				CLANG_WARN_COMMA = YES;
				CLANG_WARN_CONSTANT_CONVERSION = YES;
				CLANG_WARN_DEPRECATED_OBJC_IMPLEMENTATIONS = YES;
				CLANG_WARN_DIRECT_OBJC_ISA_USAGE = YES_ERROR;
				CLANG_WARN_DOCUMENTATION_COMMENTS = YES;
				CLANG_WARN_EMPTY_BODY = YES;
				CLANG_WARN_ENUM_CONVERSION = YES;
				CLANG_WARN_INFINITE_RECURSION = YES;
				CLANG_WARN_INT_CONVERSION = YES;
				CLANG_WARN_NON_LITERAL_NULL_CONVERSION = YES;
				CLANG_WARN_OBJC_IMPLICIT_RETAIN_SELF = YES;
				CLANG_WARN_OBJC_LITERAL_CONVERSION = YES;
				CLANG_WARN_OBJC_ROOT_CLASS = YES_ERROR;
				CLANG_WARN_QUOTED_INCLUDE_IN_FRAMEWORK_HEADER = YES;
				CLANG_WARN_RANGE_LOOP_ANALYSIS = YES;
				CLANG_WARN_STRICT_PROTOTYPES = YES;
				CLANG_WARN_SUSPICIOUS_MOVE = YES;
				CLANG_WARN_UNGUARDED_AVAILABILITY = YES_AGGRESSIVE;
				CLANG_WARN_UNREACHABLE_CODE = YES;
				CLANG_WARN__DUPLICATE_METHOD_MATCH = YES;
				COPY_PHASE_STRIP = NO;
				DEBUG_INFORMATION_FORMAT = "dwarf-with-dsym";
				ENABLE_NS_ASSERTIONS = NO;
				ENABLE_STRICT_OBJC_MSGSEND = YES;
				GCC_C_LANGUAGE_STANDARD = gnu11;
				GCC_NO_COMMON_BLOCKS = YES;
				GCC_WARN_64_TO_32_BIT_CONVERSION = YES;
				GCC_WARN_ABOUT_RETURN_TYPE = YES_ERROR;
				GCC_WARN_UNDECLARED_SELECTOR = YES;
				GCC_WARN_UNINITIALIZED_AUTOS = YES_AGGRESSIVE;
				GCC_WARN_UNUSED_FUNCTION = YES;
				GCC_WARN_UNUSED_VARIABLE = YES;
				IPHONEOS_DEPLOYMENT_TARGET = 13.7;
				MTL_ENABLE_DEBUG_INFO = NO;
				MTL_FAST_MATH = YES;
				SDKROOT = iphoneos;
				SWIFT_COMPILATION_MODE = wholemodule;
				SWIFT_OPTIMIZATION_LEVEL = "-O";
				VALIDATE_PRODUCT = YES;
			};
			name = Release;
		};
		0AFAC9CA252863DE00D3ED19 /* Debug */ = {
			isa = XCBuildConfiguration;
			baseConfigurationReference = DF1F4A5A68DDEF00AAFEB5F3 /* Pods-TweetFromSpace.debug.xcconfig */;
			buildSettings = {
				ASSETCATALOG_COMPILER_APPICON_NAME = AppIcon;
				CODE_SIGN_STYLE = Automatic;
				DEVELOPMENT_TEAM = K2P9AFDL5E;
				FRAMEWORK_SEARCH_PATHS = (
					"$(inherited)",
					"$(PROJECT_DIR)/Pods/GoogleSignIn/Frameworks",
				);
				INFOPLIST_FILE = TweetFromSpace/Info.plist;
				LD_RUNPATH_SEARCH_PATHS = (
					"$(inherited)",
					"@executable_path/Frameworks",
				);
				PRODUCT_BUNDLE_IDENTIFIER = ontamaudon.TweetFromSpace;
				PRODUCT_NAME = "$(TARGET_NAME)";
				SWIFT_VERSION = 5.0;
				TARGETED_DEVICE_FAMILY = "1,2";
			};
			name = Debug;
		};
		0AFAC9CB252863DE00D3ED19 /* Release */ = {
			isa = XCBuildConfiguration;
			baseConfigurationReference = DC9DCE5D681057D7656A1D4C /* Pods-TweetFromSpace.release.xcconfig */;
			buildSettings = {
				ASSETCATALOG_COMPILER_APPICON_NAME = AppIcon;
				CODE_SIGN_STYLE = Automatic;
				DEVELOPMENT_TEAM = K2P9AFDL5E;
				FRAMEWORK_SEARCH_PATHS = (
					"$(inherited)",
					"$(PROJECT_DIR)/Pods/GoogleSignIn/Frameworks",
				);
				INFOPLIST_FILE = TweetFromSpace/Info.plist;
				LD_RUNPATH_SEARCH_PATHS = (
					"$(inherited)",
					"@executable_path/Frameworks",
				);
				PRODUCT_BUNDLE_IDENTIFIER = ontamaudon.TweetFromSpace;
				PRODUCT_NAME = "$(TARGET_NAME)";
				SWIFT_VERSION = 5.0;
				TARGETED_DEVICE_FAMILY = "1,2";
			};
			name = Release;
		};
		0AFAC9CD252863DE00D3ED19 /* Debug */ = {
			isa = XCBuildConfiguration;
			baseConfigurationReference = 0E11C3C2B011E48C4534127E /* Pods-TweetFromSpaceTests.debug.xcconfig */;
			buildSettings = {
				ALWAYS_EMBED_SWIFT_STANDARD_LIBRARIES = YES;
				BUNDLE_LOADER = "$(TEST_HOST)";
				CODE_SIGN_STYLE = Automatic;
				DEVELOPMENT_TEAM = K2P9AFDL5E;
				INFOPLIST_FILE = TweetFromSpaceTests/Info.plist;
				IPHONEOS_DEPLOYMENT_TARGET = 13.7;
				LD_RUNPATH_SEARCH_PATHS = (
					"$(inherited)",
					"@executable_path/Frameworks",
					"@loader_path/Frameworks",
				);
				PRODUCT_BUNDLE_IDENTIFIER = ontamaudon.TweetFromSpaceTests;
				PRODUCT_NAME = "$(TARGET_NAME)";
				SWIFT_VERSION = 5.0;
				TARGETED_DEVICE_FAMILY = "1,2";
				TEST_HOST = "$(BUILT_PRODUCTS_DIR)/TweetFromSpace.app/TweetFromSpace";
			};
			name = Debug;
		};
		0AFAC9CE252863DE00D3ED19 /* Release */ = {
			isa = XCBuildConfiguration;
			baseConfigurationReference = 5C2C81C461225859DDF0CCE4 /* Pods-TweetFromSpaceTests.release.xcconfig */;
			buildSettings = {
				ALWAYS_EMBED_SWIFT_STANDARD_LIBRARIES = YES;
				BUNDLE_LOADER = "$(TEST_HOST)";
				CODE_SIGN_STYLE = Automatic;
				DEVELOPMENT_TEAM = K2P9AFDL5E;
				INFOPLIST_FILE = TweetFromSpaceTests/Info.plist;
				IPHONEOS_DEPLOYMENT_TARGET = 13.7;
				LD_RUNPATH_SEARCH_PATHS = (
					"$(inherited)",
					"@executable_path/Frameworks",
					"@loader_path/Frameworks",
				);
				PRODUCT_BUNDLE_IDENTIFIER = ontamaudon.TweetFromSpaceTests;
				PRODUCT_NAME = "$(TARGET_NAME)";
				SWIFT_VERSION = 5.0;
				TARGETED_DEVICE_FAMILY = "1,2";
				TEST_HOST = "$(BUILT_PRODUCTS_DIR)/TweetFromSpace.app/TweetFromSpace";
			};
			name = Release;
		};
		0AFAC9D0252863DE00D3ED19 /* Debug */ = {
			isa = XCBuildConfiguration;
			baseConfigurationReference = 0365BEBA42FEC4159DAA00BE /* Pods-TweetFromSpace-TweetFromSpaceUITests.debug.xcconfig */;
			buildSettings = {
				ALWAYS_EMBED_SWIFT_STANDARD_LIBRARIES = YES;
				CODE_SIGN_STYLE = Automatic;
				DEVELOPMENT_TEAM = K2P9AFDL5E;
				INFOPLIST_FILE = TweetFromSpaceUITests/Info.plist;
				LD_RUNPATH_SEARCH_PATHS = (
					"$(inherited)",
					"@executable_path/Frameworks",
					"@loader_path/Frameworks",
				);
				PRODUCT_BUNDLE_IDENTIFIER = ontamaudon.TweetFromSpaceUITests;
				PRODUCT_NAME = "$(TARGET_NAME)";
				SWIFT_VERSION = 5.0;
				TARGETED_DEVICE_FAMILY = "1,2";
				TEST_TARGET_NAME = TweetFromSpace;
			};
			name = Debug;
		};
		0AFAC9D1252863DE00D3ED19 /* Release */ = {
			isa = XCBuildConfiguration;
			baseConfigurationReference = 81DFF7F3C7C8BA054903CDE3 /* Pods-TweetFromSpace-TweetFromSpaceUITests.release.xcconfig */;
			buildSettings = {
				ALWAYS_EMBED_SWIFT_STANDARD_LIBRARIES = YES;
				CODE_SIGN_STYLE = Automatic;
				DEVELOPMENT_TEAM = K2P9AFDL5E;
				INFOPLIST_FILE = TweetFromSpaceUITests/Info.plist;
				LD_RUNPATH_SEARCH_PATHS = (
					"$(inherited)",
					"@executable_path/Frameworks",
					"@loader_path/Frameworks",
				);
				PRODUCT_BUNDLE_IDENTIFIER = ontamaudon.TweetFromSpaceUITests;
				PRODUCT_NAME = "$(TARGET_NAME)";
				SWIFT_VERSION = 5.0;
				TARGETED_DEVICE_FAMILY = "1,2";
				TEST_TARGET_NAME = TweetFromSpace;
			};
			name = Release;
		};
/* End XCBuildConfiguration section */

/* Begin XCConfigurationList section */
		0AFAC99A252863DB00D3ED19 /* Build configuration list for PBXProject "TweetFromSpace" */ = {
			isa = XCConfigurationList;
			buildConfigurations = (
				0AFAC9C7252863DE00D3ED19 /* Debug */,
				0AFAC9C8252863DE00D3ED19 /* Release */,
			);
			defaultConfigurationIsVisible = 0;
			defaultConfigurationName = Release;
		};
		0AFAC9C9252863DE00D3ED19 /* Build configuration list for PBXNativeTarget "TweetFromSpace" */ = {
			isa = XCConfigurationList;
			buildConfigurations = (
				0AFAC9CA252863DE00D3ED19 /* Debug */,
				0AFAC9CB252863DE00D3ED19 /* Release */,
			);
			defaultConfigurationIsVisible = 0;
			defaultConfigurationName = Release;
		};
		0AFAC9CC252863DE00D3ED19 /* Build configuration list for PBXNativeTarget "TweetFromSpaceTests" */ = {
			isa = XCConfigurationList;
			buildConfigurations = (
				0AFAC9CD252863DE00D3ED19 /* Debug */,
				0AFAC9CE252863DE00D3ED19 /* Release */,
			);
			defaultConfigurationIsVisible = 0;
			defaultConfigurationName = Release;
		};
		0AFAC9CF252863DE00D3ED19 /* Build configuration list for PBXNativeTarget "TweetFromSpaceUITests" */ = {
			isa = XCConfigurationList;
			buildConfigurations = (
				0AFAC9D0252863DE00D3ED19 /* Debug */,
				0AFAC9D1252863DE00D3ED19 /* Release */,
			);
			defaultConfigurationIsVisible = 0;
			defaultConfigurationName = Release;
		};
/* End XCConfigurationList section */
	};
	rootObject = 0AFAC997252863DB00D3ED19 /* Project object */;
}
